
Microsoft Visual Studio Solution File, Format Version 12.00
# Visual Studio Version 17
VisualStudioVersion = 17.2.32616.157
MinimumVisualStudioVersion = 10.0.40219.1
Project("{FAE04EC0-301F-11D3-BF4B-00C04F79EFBC}") = "Chinh-Chien-ASP.NET", "Chinh-Chien-ASP.NET.csproj", "{78F0CFCF-0548-456C-BB9A-CFF05E8D8A43}"
EndProject
Global
	GlobalSection(SolutionConfigurationPlatforms) = preSolution
		Debug|Any CPU = Debug|Any CPU
		Release|Any CPU = Release|Any CPU
	EndGlobalSection
	GlobalSection(ProjectConfigurationPlatforms) = postSolution
		{78F0CFCF-0548-456C-BB9A-CFF05E8D8A43}.Debug|Any CPU.ActiveCfg = Debug|Any CPU
		{78F0CFCF-0548-456C-BB9A-CFF05E8D8A43}.Debug|Any CPU.Build.0 = Debug|Any CPU
		{78F0CFCF-0548-456C-BB9A-CFF05E8D8A43}.Release|Any CPU.ActiveCfg = Release|Any CPU
		{78F0CFCF-0548-456C-BB9A-CFF05E8D8A43}.Release|Any CPU.Build.0 = Release|Any CPU
	EndGlobalSection
	GlobalSection(SolutionProperties) = preSolution
		HideSolutionNode = FALSE
	EndGlobalSection
	GlobalSection(ExtensibilityGlobals) = postSolution
		SolutionGuid = {2312F489-BBC9-4042-915B-C3D9D326C01F}
	EndGlobalSection
EndGlobal
